// !$*UTF8*$!
{
	archiveVersion = 1;
	classes = {
	};
	objectVersion = 46;
	objects = {

/* Begin PBXBuildFile section */
		A1D2BDCB1B4FDEB500D3DA4F /* AppDelegate.swift in Sources */ = {isa = PBXBuildFile; fileRef = A1D2BDCA1B4FDEB500D3DA4F /* AppDelegate.swift */; };
		A1D2BDCD1B4FDEB600D3DA4F /* ViewController.swift in Sources */ = {isa = PBXBuildFile; fileRef = A1D2BDCC1B4FDEB600D3DA4F /* ViewController.swift */; };
		A1D2BDD01B4FDEB600D3DA4F /* Main.storyboard in Resources */ = {isa = PBXBuildFile; fileRef = A1D2BDCE1B4FDEB600D3DA4F /* Main.storyboard */; };
		A1D2BDD21B4FDEB600D3DA4F /* Images.xcassets in Resources */ = {isa = PBXBuildFile; fileRef = A1D2BDD11B4FDEB600D3DA4F /* Images.xcassets */; };
		A1D2BDD51B4FDEB600D3DA4F /* LaunchScreen.xib in Resources */ = {isa = PBXBuildFile; fileRef = A1D2BDD31B4FDEB600D3DA4F /* LaunchScreen.xib */; };
		A1D2BDE11B4FDEB600D3DA4F /* HackingWithSwift_GuessTheFlagTests.swift in Sources */ = {isa = PBXBuildFile; fileRef = A1D2BDE01B4FDEB600D3DA4F /* HackingWithSwift_GuessTheFlagTests.swift */; };
		A1D2BDEB1B50080A00D3DA4F /* Array+Shuffling.swift in Sources */ = {isa = PBXBuildFile; fileRef = A1D2BDEA1B50080A00D3DA4F /* Array+Shuffling.swift */; };
/* End PBXBuildFile section */

/* Begin PBXContainerItemProxy section */
		A1D2BDDB1B4FDEB600D3DA4F /* PBXContainerItemProxy */ = {
			isa = PBXContainerItemProxy;
			containerPortal = A1D2BDBD1B4FDEB500D3DA4F /* Project object */;
			proxyType = 1;
			remoteGlobalIDString = A1D2BDC41B4FDEB500D3DA4F;
			remoteInfo = "HackingWithSwift-GuessTheFlag";
		};
/* End PBXContainerItemProxy section */

/* Begin PBXFileReference section */
		A1D2BDC51B4FDEB500D3DA4F /* HackingWithSwift-GuessTheFlag.app */ = {isa = PBXFileReference; explicitFileType = wrapper.application; includeInIndex = 0; path = "HackingWithSwift-GuessTheFlag.app"; sourceTree = BUILT_PRODUCTS_DIR; };
		A1D2BDC91B4FDEB500D3DA4F /* Info.plist */ = {isa = PBXFileReference; lastKnownFileType = text.plist.xml; path = Info.plist; sourceTree = "<group>"; };
		A1D2BDCA1B4FDEB500D3DA4F /* AppDelegate.swift */ = {isa = PBXFileReference; lastKnownFileType = sourcecode.swift; path = AppDelegate.swift; sourceTree = "<group>"; };
		A1D2BDCC1B4FDEB600D3DA4F /* ViewController.swift */ = {isa = PBXFileReference; lastKnownFileType = sourcecode.swift; path = ViewController.swift; sourceTree = "<group>"; };
		A1D2BDCF1B4FDEB600D3DA4F /* Base */ = {isa = PBXFileReference; lastKnownFileType = file.storyboard; name = Base; path = Base.lproj/Main.storyboard; sourceTree = "<group>"; };
		A1D2BDD11B4FDEB600D3DA4F /* Images.xcassets */ = {isa = PBXFileReference; lastKnownFileType = folder.assetcatalog; path = Images.xcassets; sourceTree = "<group>"; };
		A1D2BDD41B4FDEB600D3DA4F /* Base */ = {isa = PBXFileReference; lastKnownFileType = file.xib; name = Base; path = Base.lproj/LaunchScreen.xib; sourceTree = "<group>"; };
		A1D2BDDA1B4FDEB600D3DA4F /* HackingWithSwift-GuessTheFlagTests.xctest */ = {isa = PBXFileReference; explicitFileType = wrapper.cfbundle; includeInIndex = 0; path = "HackingWithSwift-GuessTheFlagTests.xctest"; sourceTree = BUILT_PRODUCTS_DIR; };
		A1D2BDDF1B4FDEB600D3DA4F /* Info.plist */ = {isa = PBXFileReference; lastKnownFileType = text.plist.xml; path = Info.plist; sourceTree = "<group>"; };
		A1D2BDE01B4FDEB600D3DA4F /* HackingWithSwift_GuessTheFlagTests.swift */ = {isa = PBXFileReference; lastKnownFileType = sourcecode.swift; path = HackingWithSwift_GuessTheFlagTests.swift; sourceTree = "<group>"; };
		A1D2BDEA1B50080A00D3DA4F /* Array+Shuffling.swift */ = {isa = PBXFileReference; fileEncoding = 4; lastKnownFileType = sourcecode.swift; path = "Array+Shuffling.swift"; sourceTree = "<group>"; };
/* End PBXFileReference section */

/* Begin PBXFrameworksBuildPhase section */
		A1D2BDC21B4FDEB500D3DA4F /* Frameworks */ = {
			isa = PBXFrameworksBuildPhase;
			buildActionMask = 2147483647;
			files = (
			);
			runOnlyForDeploymentPostprocessing = 0;
		};
		A1D2BDD71B4FDEB600D3DA4F /* Frameworks */ = {
			isa = PBXFrameworksBuildPhase;
			buildActionMask = 2147483647;
			files = (
			);
			runOnlyForDeploymentPostprocessing = 0;
		};
/* End PBXFrameworksBuildPhase section */

/* Begin PBXGroup section */
		A1D2BDBC1B4FDEB500D3DA4F = {
			isa = PBXGroup;
			children = (
				A1D2BDC71B4FDEB500D3DA4F /* HackingWithSwift-GuessTheFlag */,
				A1D2BDDD1B4FDEB600D3DA4F /* HackingWithSwift-GuessTheFlagTests */,
				A1D2BDC61B4FDEB500D3DA4F /* Products */,
			);
			sourceTree = "<group>";
		};
		A1D2BDC61B4FDEB500D3DA4F /* Products */ = {
			isa = PBXGroup;
			children = (
				A1D2BDC51B4FDEB500D3DA4F /* HackingWithSwift-GuessTheFlag.app */,
				A1D2BDDA1B4FDEB600D3DA4F /* HackingWithSwift-GuessTheFlagTests.xctest */,
			);
			name = Products;
			sourceTree = "<group>";
		};
		A1D2BDC71B4FDEB500D3DA4F /* HackingWithSwift-GuessTheFlag */ = {
			isa = PBXGroup;
			children = (
				A1D2BDCA1B4FDEB500D3DA4F /* AppDelegate.swift */,
				A1D2BDCC1B4FDEB600D3DA4F /* ViewController.swift */,
				A1D2BDEA1B50080A00D3DA4F /* Array+Shuffling.swift */,
				A1D2BDCE1B4FDEB600D3DA4F /* Main.storyboard */,
				A1D2BDD11B4FDEB600D3DA4F /* Images.xcassets */,
				A1D2BDD31B4FDEB600D3DA4F /* LaunchScreen.xib */,
				A1D2BDC81B4FDEB500D3DA4F /* Supporting Files */,
			);
			path = "HackingWithSwift-GuessTheFlag";
			sourceTree = "<group>";
		};
		A1D2BDC81B4FDEB500D3DA4F /* Supporting Files */ = {
			isa = PBXGroup;
			children = (
				A1D2BDC91B4FDEB500D3DA4F /* Info.plist */,
			);
			name = "Supporting Files";
			sourceTree = "<group>";
		};
		A1D2BDDD1B4FDEB600D3DA4F /* HackingWithSwift-GuessTheFlagTests */ = {
			isa = PBXGroup;
			children = (
				A1D2BDE01B4FDEB600D3DA4F /* HackingWithSwift_GuessTheFlagTests.swift */,
				A1D2BDDE1B4FDEB600D3DA4F /* Supporting Files */,
			);
			path = "HackingWithSwift-GuessTheFlagTests";
			sourceTree = "<group>";
		};
		A1D2BDDE1B4FDEB600D3DA4F /* Supporting Files */ = {
			isa = PBXGroup;
			children = (
				A1D2BDDF1B4FDEB600D3DA4F /* Info.plist */,
			);
			name = "Supporting Files";
			sourceTree = "<group>";
		};
/* End PBXGroup section */

/* Begin PBXNativeTarget section */
		A1D2BDC41B4FDEB500D3DA4F /* HackingWithSwift-GuessTheFlag */ = {
			isa = PBXNativeTarget;
			buildConfigurationList = A1D2BDE41B4FDEB600D3DA4F /* Build configuration list for PBXNativeTarget "HackingWithSwift-GuessTheFlag" */;
			buildPhases = (
				A1D2BDC11B4FDEB500D3DA4F /* Sources */,
				A1D2BDC21B4FDEB500D3DA4F /* Frameworks */,
				A1D2BDC31B4FDEB500D3DA4F /* Resources */,
			);
			buildRules = (
			);
			dependencies = (
			);
			name = "HackingWithSwift-GuessTheFlag";
			productName = "HackingWithSwift-GuessTheFlag";
			productReference = A1D2BDC51B4FDEB500D3DA4F /* HackingWithSwift-GuessTheFlag.app */;
			productType = "com.apple.product-type.application";
		};
		A1D2BDD91B4FDEB600D3DA4F /* HackingWithSwift-GuessTheFlagTests */ = {
			isa = PBXNativeTarget;
			buildConfigurationList = A1D2BDE71B4FDEB600D3DA4F /* Build configuration list for PBXNativeTarget "HackingWithSwift-GuessTheFlagTests" */;
			buildPhases = (
				A1D2BDD61B4FDEB600D3DA4F /* Sources */,
				A1D2BDD71B4FDEB600D3DA4F /* Frameworks */,
				A1D2BDD81B4FDEB600D3DA4F /* Resources */,
			);
			buildRules = (
			);
			dependencies = (
				A1D2BDDC1B4FDEB600D3DA4F /* PBXTargetDependency */,
			);
			name = "HackingWithSwift-GuessTheFlagTests";
			productName = "HackingWithSwift-GuessTheFlagTests";
			productReference = A1D2BDDA1B4FDEB600D3DA4F /* HackingWithSwift-GuessTheFlagTests.xctest */;
			productType = "com.apple.product-type.bundle.unit-test";
		};
/* End PBXNativeTarget section */

/* Begin PBXProject section */
		A1D2BDBD1B4FDEB500D3DA4F /* Project object */ = {
			isa = PBXProject;
			attributes = {
				LastUpgradeCheck = 0630;
				ORGANIZATIONNAME = Morningstar;
				TargetAttributes = {
					A1D2BDC41B4FDEB500D3DA4F = {
						CreatedOnToolsVersion = 6.3.1;
					};
					A1D2BDD91B4FDEB600D3DA4F = {
						CreatedOnToolsVersion = 6.3.1;
						TestTargetID = A1D2BDC41B4FDEB500D3DA4F;
					};
				};
			};
			buildConfigurationList = A1D2BDC01B4FDEB500D3DA4F /* Build configuration list for PBXProject "HackingWithSwift-GuessTheFlag" */;
			compatibilityVersion = "Xcode 3.2";
			developmentRegion = English;
			hasScannedForEncodings = 0;
			knownRegions = (
				en,
				Base,
			);
			mainGroup = A1D2BDBC1B4FDEB500D3DA4F;
			productRefGroup = A1D2BDC61B4FDEB500D3DA4F /* Products */;
			projectDirPath = "";
			projectRoot = "";
			targets = (
				A1D2BDC41B4FDEB500D3DA4F /* HackingWithSwift-GuessTheFlag */,
				A1D2BDD91B4FDEB600D3DA4F /* HackingWithSwift-GuessTheFlagTests */,
			);
		};
/* End PBXProject section */

/* Begin PBXResourcesBuildPhase section */
		A1D2BDC31B4FDEB500D3DA4F /* Resources */ = {
			isa = PBXResourcesBuildPhase;
			buildActionMask = 2147483647;
			files = (
				A1D2BDD01B4FDEB600D3DA4F /* Main.storyboard in Resources */,
				A1D2BDD51B4FDEB600D3DA4F /* LaunchScreen.xib in Resources */,
				A1D2BDD21B4FDEB600D3DA4F /* Images.xcassets in Resources */,
			);
			runOnlyForDeploymentPostprocessing = 0;
		};
		A1D2BDD81B4FDEB600D3DA4F /* Resources */ = {
			isa = PBXResourcesBuildPhase;
			buildActionMask = 2147483647;
			files = (
			);
			runOnlyForDeploymentPostprocessing = 0;
		};
/* End PBXResourcesBuildPhase section */

/* Begin PBXSourcesBuildPhase section */
		A1D2BDC11B4FDEB500D3DA4F /* Sources */ = {
			isa = PBXSourcesBuildPhase;
			buildActionMask = 2147483647;
			files = (
				A1D2BDCD1B4FDEB600D3DA4F /* ViewController.swift in Sources */,
				A1D2BDCB1B4FDEB500D3DA4F /* AppDelegate.swift in Sources */,
				A1D2BDEB1B50080A00D3DA4F /* Array+Shuffling.swift in Sources */,
			);
			runOnlyForDeploymentPostprocessing = 0;
		};
		A1D2BDD61B4FDEB600D3DA4F /* Sources */ = {
			isa = PBXSourcesBuildPhase;
			buildActionMask = 2147483647;
			files = (
				A1D2BDE11B4FDEB600D3DA4F /* HackingWithSwift_GuessTheFlagTests.swift in Sources */,
			);
			runOnlyForDeploymentPostprocessing = 0;
		};
/* End PBXSourcesBuildPhase section */

/* Begin PBXTargetDependency section */
		A1D2BDDC1B4FDEB600D3DA4F /* PBXTargetDependency */ = {
			isa = PBXTargetDependency;
			target = A1D2BDC41B4FDEB500D3DA4F /* HackingWithSwift-GuessTheFlag */;
			targetProxy = A1D2BDDB1B4FDEB600D3DA4F /* PBXContainerItemProxy */;
		};
/* End PBXTargetDependency section */

/* Begin PBXVariantGroup section */
		A1D2BDCE1B4FDEB600D3DA4F /* Main.storyboard */ = {
			isa = PBXVariantGroup;
			children = (
				A1D2BDCF1B4FDEB600D3DA4F /* Base */,
			);
			name = Main.storyboard;
			sourceTree = "<group>";
		};
		A1D2BDD31B4FDEB600D3DA4F /* LaunchScreen.xib */ = {
			isa = PBXVariantGroup;
			children = (
				A1D2BDD41B4FDEB600D3DA4F /* Base */,
			);
			name = LaunchScreen.xib;
			sourceTree = "<group>";
		};
/* End PBXVariantGroup section */

/* Begin XCBuildConfiguration section */
		A1D2BDE21B4FDEB600D3DA4F /* Debug */ = {
			isa = XCBuildConfiguration;
			buildSettings = {
				ALWAYS_SEARCH_USER_PATHS = NO;
				CLANG_CXX_LANGUAGE_STANDARD = "gnu++0x";
				CLANG_CXX_LIBRARY = "libc++";
				CLANG_ENABLE_MODULES = YES;
				CLANG_ENABLE_OBJC_ARC = YES;
				CLANG_WARN_BOOL_CONVERSION = YES;
				CLANG_WARN_CONSTANT_CONVERSION = YES;
				CLANG_WARN_DIRECT_OBJC_ISA_USAGE = YES_ERROR;
				CLANG_WARN_EMPTY_BODY = YES;
				CLANG_WARN_ENUM_CONVERSION = YES;
				CLANG_WARN_INT_CONVERSION = YES;
				CLANG_WARN_OBJC_ROOT_CLASS = YES_ERROR;
				CLANG_WARN_UNREACHABLE_CODE = YES;
				CLANG_WARN__DUPLICATE_METHOD_MATCH = YES;
				"CODE_SIGN_IDENTITY[sdk=iphoneos*]" = "iPhone Developer";
				COPY_PHASE_STRIP = NO;
				DEBUG_INFORMATION_FORMAT = "dwarf-with-dsym";
				ENABLE_STRICT_OBJC_MSGSEND = YES;
				GCC_C_LANGUAGE_STANDARD = gnu99;
				GCC_DYNAMIC_NO_PIC = NO;
				GCC_NO_COMMON_BLOCKS = YES;
				GCC_OPTIMIZATION_LEVEL = 0;
				GCC_PREPROCESSOR_DEFINITIONS = (
					"DEBUG=1",
					"$(inherited)",
				);
				GCC_SYMBOLS_PRIVATE_EXTERN = NO;
				GCC_WARN_64_TO_32_BIT_CONVERSION = YES;
				GCC_WARN_ABOUT_RETURN_TYPE = YES_ERROR;
				GCC_WARN_UNDECLARED_SELECTOR = YES;
				GCC_WARN_UNINITIALIZED_AUTOS = YES_AGGRESSIVE;
				GCC_WARN_UNUSED_FUNCTION = YES;
				GCC_WARN_UNUSED_VARIABLE = YES;
				IPHONEOS_DEPLOYMENT_TARGET = 8.3;
				MTL_ENABLE_DEBUG_INFO = YES;
				ONLY_ACTIVE_ARCH = YES;
				SDKROOT = iphoneos;
				SWIFT_OPTIMIZATION_LEVEL = "-Onone";
			};
			name = Debug;
		};
		A1D2BDE31B4FDEB600D3DA4F /* Release */ = {
			isa = XCBuildConfiguration;
			buildSettings = {
				ALWAYS_SEARCH_USER_PATHS = NO;
				CLANG_CXX_LANGUAGE_STANDARD = "gnu++0x";
				CLANG_CXX_LIBRARY = "libc++";
				CLANG_ENABLE_MODULES = YES;
				CLANG_ENABLE_OBJC_ARC = YES;
				CLANG_WARN_BOOL_CONVERSION = YES;
				CLANG_WARN_CONSTANT_CONVERSION = YES;
				CLANG_WARN_DIRECT_OBJC_ISA_USAGE = YES_ERROR;
				CLANG_WARN_EMPTY_BODY = YES;
				CLANG_WARN_ENUM_CONVERSION = YES;
				CLANG_WARN_INT_CONVERSION = YES;
				CLANG_WARN_OBJC_ROOT_CLASS = YES_ERROR;
				CLANG_WARN_UNREACHABLE_CODE = YES;
				CLANG_WARN__DUPLICATE_METHOD_MATCH = YES;
				"CODE_SIGN_IDENTITY[sdk=iphoneos*]" = "iPhone Developer";
				COPY_PHASE_STRIP = NO;
				DEBUG_INFORMATION_FORMAT = "dwarf-with-dsym";
				ENABLE_NS_ASSERTIONS = NO;
				ENABLE_STRICT_OBJC_MSGSEND = YES;
				GCC_C_LANGUAGE_STANDARD = gnu99;
				GCC_NO_COMMON_BLOCKS = YES;
				GCC_WARN_64_TO_32_BIT_CONVERSION = YES;
				GCC_WARN_ABOUT_RETURN_TYPE = YES_ERROR;
				GCC_WARN_UNDECLARED_SELECTOR = YES;
				GCC_WARN_UNINITIALIZED_AUTOS = YES_AGGRESSIVE;
				GCC_WARN_UNUSED_FUNCTION = YES;
				GCC_WARN_UNUSED_VARIABLE = YES;
				IPHONEOS_DEPLOYMENT_TARGET = 8.3;
				MTL_ENABLE_DEBUG_INFO = NO;
				SDKROOT = iphoneos;
				VALIDATE_PRODUCT = YES;
			};
			name = Release;
		};
		A1D2BDE51B4FDEB600D3DA4F /* Debug */ = {
			isa = XCBuildConfiguration;
			buildSettings = {
				ASSETCATALOG_COMPILER_APPICON_NAME = AppIcon;
				INFOPLIST_FILE = "HackingWithSwift-GuessTheFlag/Info.plist";
				LD_RUNPATH_SEARCH_PATHS = "$(inherited) @executable_path/Frameworks";
				PRODUCT_NAME = "$(TARGET_NAME)";
			};
			name = Debug;
		};
		A1D2BDE61B4FDEB600D3DA4F /* Release */ = {
			isa = XCBuildConfiguration;
			buildSettings = {
				ASSETCATALOG_COMPILER_APPICON_NAME = AppIcon;
				INFOPLIST_FILE = "HackingWithSwift-GuessTheFlag/Info.plist";
				LD_RUNPATH_SEARCH_PATHS = "$(inherited) @executable_path/Frameworks";
				PRODUCT_NAME = "$(TARGET_NAME)";
			};
			name = Release;
		};
		A1D2BDE81B4FDEB600D3DA4F /* Debug */ = {
			isa = XCBuildConfiguration;
			buildSettings = {
				BUNDLE_LOADER = "$(TEST_HOST)";
				FRAMEWORK_SEARCH_PATHS = (
					"$(SDKROOT)/Developer/Library/Frameworks",
					"$(inherited)",
				);
				GCC_PREPROCESSOR_DEFINITIONS = (
					"DEBUG=1",
					"$(inherited)",
				);
				INFOPLIST_FILE = "HackingWithSwift-GuessTheFlagTests/Info.plist";
				LD_RUNPATH_SEARCH_PATHS = "$(inherited) @executable_path/Frameworks @loader_path/Frameworks";
				PRODUCT_NAME = "$(TARGET_NAME)";
				TEST_HOST = "$(BUILT_PRODUCTS_DIR)/HackingWithSwift-GuessTheFlag.app/HackingWithSwift-GuessTheFlag";
			};
			name = Debug;
		};
		A1D2BDE91B4FDEB600D3DA4F /* Release */ = {
			isa = XCBuildConfiguration;
			buildSettings = {
				BUNDLE_LOADER = "$(TEST_HOST)";
				FRAMEWORK_SEARCH_PATHS = (
					"$(SDKROOT)/Developer/Library/Frameworks",
					"$(inherited)",
				);
				INFOPLIST_FILE = "HackingWithSwift-GuessTheFlagTests/Info.plist";
				LD_RUNPATH_SEARCH_PATHS = "$(inherited) @executable_path/Frameworks @loader_path/Frameworks";
				PRODUCT_NAME = "$(TARGET_NAME)";
				TEST_HOST = "$(BUILT_PRODUCTS_DIR)/HackingWithSwift-GuessTheFlag.app/HackingWithSwift-GuessTheFlag";
			};
			name = Release;
		};
/* End XCBuildConfiguration section */

/* Begin XCConfigurationList section */
		A1D2BDC01B4FDEB500D3DA4F /* Build configuration list for PBXProject "HackingWithSwift-GuessTheFlag" */ = {
			isa = XCConfigurationList;
			buildConfigurations = (
				A1D2BDE21B4FDEB600D3DA4F /* Debug */,
				A1D2BDE31B4FDEB600D3DA4F /* Release */,
			);
			defaultConfigurationIsVisible = 0;
			defaultConfigurationName = Release;
		};
		A1D2BDE41B4FDEB600D3DA4F /* Build configuration list for PBXNativeTarget "HackingWithSwift-GuessTheFlag" */ = {
			isa = XCConfigurationList;
			buildConfigurations = (
				A1D2BDE51B4FDEB600D3DA4F /* Debug */,
				A1D2BDE61B4FDEB600D3DA4F /* Release */,
			);
			defaultConfigurationIsVisible = 0;
		};
		A1D2BDE71B4FDEB600D3DA4F /* Build configuration list for PBXNativeTarget "HackingWithSwift-GuessTheFlagTests" */ = {
			isa = XCConfigurationList;
			buildConfigurations = (
				A1D2BDE81B4FDEB600D3DA4F /* Debug */,
				A1D2BDE91B4FDEB600D3DA4F /* Release */,
			);
			defaultConfigurationIsVisible = 0;
		};
/* End XCConfigurationList section */
	};
	rootObject = A1D2BDBD1B4FDEB500D3DA4F /* Project object */;
}
